
Microsoft Visual Studio Solution File, Format Version 12.00
# Visual Studio 15
VisualStudioVersion = 15.0.27130.2027
MinimumVisualStudioVersion = 10.0.40219.1
Project("{FAE04EC0-301F-11D3-BF4B-00C04F79EFBC}") = "GettingStarted_2012", "GettingStarted_2012.csproj", "{CC01EE4E-ABA4-4CED-978A-51C7F2376D4B}"
EndProject
Global
	GlobalSection(SolutionConfigurationPlatforms) = preSolution
		Debug|Any CPU = Debug|Any CPU
		Release|Any CPU = Release|Any CPU
	EndGlobalSection
	GlobalSection(ProjectConfigurationPlatforms) = postSolution
		{CC01EE4E-ABA4-4CED-978A-51C7F2376D4B}.Debug|Any CPU.ActiveCfg = Debug|Any CPU
		{CC01EE4E-ABA4-4CED-978A-51C7F2376D4B}.Debug|Any CPU.Build.0 = Debug|Any CPU
		{CC01EE4E-ABA4-4CED-978A-51C7F2376D4B}.Release|Any CPU.ActiveCfg = Release|Any CPU
		{CC01EE4E-ABA4-4CED-978A-51C7F2376D4B}.Release|Any CPU.Build.0 = Release|Any CPU
	EndGlobalSection
	GlobalSection(SolutionProperties) = preSolution
		HideSolutionNode = FALSE
	EndGlobalSection
	GlobalSection(ExtensibilityGlobals) = postSolution
		SolutionGuid = {437B1566-FA1F-48E0-9A39-BC31C5467B91}
	EndGlobalSection
EndGlobal
